dependencies:
  core:
    component_hash: null
    source:
      path: D:\WorkSpace\deviceconnect-sdk\core
      type: local
    version: '*'
  idf:
    component_hash: null
    source:
      type: idf
    version: 5.1.2
manifest_hash: 68f8510e6fec27c7de942c36045952caba57c0be1c057cbe98a02037fa2db2aa
target: esp32s3
version: 1.0.0
